
Microsoft Visual Studio Solution File, Format Version 12.00
# Visual Studio 15
VisualStudioVersion = 15.0.28307.1972
MinimumVisualStudioVersion = 10.0.40219.1
Project("{F184B08F-C81C-45F6-A57F-5ABD9991F28F}") = "ArkAntSoftwarePOS", "ArkAntSoftwarePOS\ArkAntSoftwarePOS.vbproj", "{7261F063-4C68-4153-8BCB-4027C5667062}"
EndProject
Global
	GlobalSection(SolutionConfigurationPlatforms) = preSolution
		Debug|Any CPU = Debug|Any CPU
		Debug|x86 = Debug|x86
		Release|Any CPU = Release|Any CPU
		Release|x86 = Release|x86
	EndGlobalSection
	GlobalSection(ProjectConfigurationPlatforms) = postSolution
		{7261F063-4C68-4153-8BCB-4027C5667062}.Debug|Any CPU.ActiveCfg = Debug|Any CPU
		{7261F063-4C68-4153-8BCB-4027C5667062}.Debug|Any CPU.Build.0 = Debug|Any CPU
		{7261F063-4C68-4153-8BCB-4027C5667062}.Debug|x86.ActiveCfg = Debug|Any CPU
		{7261F063-4C68-4153-8BCB-4027C5667062}.Debug|x86.Build.0 = Debug|Any CPU
		{7261F063-4C68-4153-8BCB-4027C5667062}.Release|Any CPU.ActiveCfg = Debug|Any CPU
		{7261F063-4C68-4153-8BCB-4027C5667062}.Release|Any CPU.Build.0 = Debug|Any CPU
		{7261F063-4C68-4153-8BCB-4027C5667062}.Release|x86.ActiveCfg = Release|x86
		{7261F063-4C68-4153-8BCB-4027C5667062}.Release|x86.Build.0 = Release|x86
	EndGlobalSection
	GlobalSection(SolutionProperties) = preSolution
		HideSolutionNode = FALSE
	EndGlobalSection
	GlobalSection(ExtensibilityGlobals) = postSolution
		SolutionGuid = {0CB37896-599D-4719-B6D5-DD613CB632B9}
	EndGlobalSection
EndGlobal
